
Microsoft Visual Studio Solution File, Format Version 12.00
# Visual Studio Version 17
VisualStudioVersion = 17.6.34302.98
MinimumVisualStudioVersion = 10.0.40219.1
Project("{FAE04EC0-301F-11D3-BF4B-00C04F79EFBC}") = "OrionposPhonebook", "OrionposPhonebook\OrionposPhonebook.csproj", "{186FED1F-C0CB-405D-9CE7-D9DB3777F162}"
EndProject
Global
	GlobalSection(SolutionConfigurationPlatforms) = preSolution
		Debug|Any CPU = Debug|Any CPU
		Release|Any CPU = Release|Any CPU
	EndGlobalSection
	GlobalSection(ProjectConfigurationPlatforms) = postSolution
		{186FED1F-C0CB-405D-9CE7-D9DB3777F162}.Debug|Any CPU.ActiveCfg = Debug|Any CPU
		{186FED1F-C0CB-405D-9CE7-D9DB3777F162}.Debug|Any CPU.Build.0 = Debug|Any CPU
		{186FED1F-C0CB-405D-9CE7-D9DB3777F162}.Release|Any CPU.ActiveCfg = Release|Any CPU
		{186FED1F-C0CB-405D-9CE7-D9DB3777F162}.Release|Any CPU.Build.0 = Release|Any CPU
	EndGlobalSection
	GlobalSection(SolutionProperties) = preSolution
		HideSolutionNode = FALSE
	EndGlobalSection
	GlobalSection(ExtensibilityGlobals) = postSolution
		SolutionGuid = {F89AA41F-44B1-44C6-AB73-AF161BC36587}
	EndGlobalSection
EndGlobal
